
Microsoft Visual Studio Solution File, Format Version 12.00
# Visual Studio Version 17
VisualStudioVersion = 17.10.35027.167
MinimumVisualStudioVersion = 10.0.40219.1
Project("{9A19103F-16F7-4668-BE54-9A1E7A4F7556}") = "EFCoreTask.Ibrahimahmed", "EFCoreTask.Ibrahimahmed.csproj", "{9E4A12CA-BD76-47DE-9AAF-C1988EC3274E}"
EndProject
Project("{FAE04EC0-301F-11D3-BF4B-00C04F79EFBC}") = "API Demo", "..\API Demo\API Demo.csproj", "{5AA8DD09-8F16-4C9D-9A89-7F705D040042}"
EndProject
Global
	GlobalSection(SolutionConfigurationPlatforms) = preSolution
		Debug|Any CPU = Debug|Any CPU
		Release|Any CPU = Release|Any CPU
	EndGlobalSection
	GlobalSection(ProjectConfigurationPlatforms) = postSolution
		{9E4A12CA-BD76-47DE-9AAF-C1988EC3274E}.Debug|Any CPU.ActiveCfg = Debug|Any CPU
		{9E4A12CA-BD76-47DE-9AAF-C1988EC3274E}.Debug|Any CPU.Build.0 = Debug|Any CPU
		{9E4A12CA-BD76-47DE-9AAF-C1988EC3274E}.Release|Any CPU.ActiveCfg = Release|Any CPU
		{9E4A12CA-BD76-47DE-9AAF-C1988EC3274E}.Release|Any CPU.Build.0 = Release|Any CPU
		{5AA8DD09-8F16-4C9D-9A89-7F705D040042}.Debug|Any CPU.ActiveCfg = Debug|Any CPU
		{5AA8DD09-8F16-4C9D-9A89-7F705D040042}.Debug|Any CPU.Build.0 = Debug|Any CPU
		{5AA8DD09-8F16-4C9D-9A89-7F705D040042}.Release|Any CPU.ActiveCfg = Release|Any CPU
		{5AA8DD09-8F16-4C9D-9A89-7F705D040042}.Release|Any CPU.Build.0 = Release|Any CPU
	EndGlobalSection
	GlobalSection(SolutionProperties) = preSolution
		HideSolutionNode = FALSE
	EndGlobalSection
	GlobalSection(ExtensibilityGlobals) = postSolution
		SolutionGuid = {4D360A5C-0400-476B-A7FF-35F6F59CAFB0}
	EndGlobalSection
EndGlobal
